// !$*UTF8*$!
{
	archiveVersion = 1;
	classes = {
	};
	objectVersion = 51;
	objects = {

/* Begin PBXBuildFile section */
		11AA8C1DB6449D8A6970364B /* Pods_Medtrail_Assignment.framework in Frameworks */ = {isa = PBXBuildFile; fileRef = EA9296EF8F85E3A3CC791FAD /* Pods_Medtrail_Assignment.framework */; };
		134E0486257908780090B569 /* FlickrImageSearchVCExtension.swift in Sources */ = {isa = PBXBuildFile; fileRef = 134E0485257908780090B569 /* FlickrImageSearchVCExtension.swift */; };
		134E048A2579484B0090B569 /* Constants.swift in Sources */ = {isa = PBXBuildFile; fileRef = 134E04892579484B0090B569 /* Constants.swift */; };
		134E048C257948A00090B569 /* Pagination.swift in Sources */ = {isa = PBXBuildFile; fileRef = 134E048B257948A00090B569 /* Pagination.swift */; };
		134E048E257949000090B569 /* ClassExtensions.swift in Sources */ = {isa = PBXBuildFile; fileRef = 134E048D257949000090B569 /* ClassExtensions.swift */; };
		134E0492257949C60090B569 /* HttpUtility.swift in Sources */ = {isa = PBXBuildFile; fileRef = 134E0490257949C60090B569 /* HttpUtility.swift */; };
		134E0493257949C60090B569 /* HttpUtilityHelper.swift in Sources */ = {isa = PBXBuildFile; fileRef = 134E0491257949C60090B569 /* HttpUtilityHelper.swift */; };
		137BB20225665D7000CC845C /* AppDelegate.swift in Sources */ = {isa = PBXBuildFile; fileRef = 137BB20125665D7000CC845C /* AppDelegate.swift */; };
		137BB20425665D7000CC845C /* SceneDelegate.swift in Sources */ = {isa = PBXBuildFile; fileRef = 137BB20325665D7000CC845C /* SceneDelegate.swift */; };
		137BB20925665D7000CC845C /* Main.storyboard in Resources */ = {isa = PBXBuildFile; fileRef = 137BB20725665D7000CC845C /* Main.storyboard */; };
		137BB20B25665D7100CC845C /* Assets.xcassets in Resources */ = {isa = PBXBuildFile; fileRef = 137BB20A25665D7100CC845C /* Assets.xcassets */; };
		137BB20E25665D7100CC845C /* LaunchScreen.storyboard in Resources */ = {isa = PBXBuildFile; fileRef = 137BB20C25665D7100CC845C /* LaunchScreen.storyboard */; };
		137BB21925665E9500CC845C /* DataModel.swift in Sources */ = {isa = PBXBuildFile; fileRef = 137BB21825665E9500CC845C /* DataModel.swift */; };
		137BB21D25665ECF00CC845C /* FlickrImageSearchVC.swift in Sources */ = {isa = PBXBuildFile; fileRef = 137BB21C25665ECF00CC845C /* FlickrImageSearchVC.swift */; };
		137BB22125665EF100CC845C /* CustomFooterView.xib in Resources */ = {isa = PBXBuildFile; fileRef = 137BB21E25665EF100CC845C /* CustomFooterView.xib */; };
		137BB22225665EF100CC845C /* CustomFooterView.swift in Sources */ = {isa = PBXBuildFile; fileRef = 137BB21F25665EF100CC845C /* CustomFooterView.swift */; };
		137BB22325665EF100CC845C /* ImageCVCell.swift in Sources */ = {isa = PBXBuildFile; fileRef = 137BB22025665EF100CC845C /* ImageCVCell.swift */; };
		137BB22625665F2700CC845C /* MyHelperClass.swift in Sources */ = {isa = PBXBuildFile; fileRef = 137BB22525665F2700CC845C /* MyHelperClass.swift */; };
/* End PBXBuildFile section */

/* Begin PBXFileReference section */
		134E0485257908780090B569 /* FlickrImageSearchVCExtension.swift */ = {isa = PBXFileReference; lastKnownFileType = sourcecode.swift; path = FlickrImageSearchVCExtension.swift; sourceTree = "<group>"; };
		134E04892579484B0090B569 /* Constants.swift */ = {isa = PBXFileReference; lastKnownFileType = sourcecode.swift; path = Constants.swift; sourceTree = "<group>"; };
		134E048B257948A00090B569 /* Pagination.swift */ = {isa = PBXFileReference; lastKnownFileType = sourcecode.swift; path = Pagination.swift; sourceTree = "<group>"; };
		134E048D257949000090B569 /* ClassExtensions.swift */ = {isa = PBXFileReference; lastKnownFileType = sourcecode.swift; path = ClassExtensions.swift; sourceTree = "<group>"; };
		134E0490257949C60090B569 /* HttpUtility.swift */ = {isa = PBXFileReference; fileEncoding = 4; lastKnownFileType = sourcecode.swift; path = HttpUtility.swift; sourceTree = "<group>"; };
		134E0491257949C60090B569 /* HttpUtilityHelper.swift */ = {isa = PBXFileReference; fileEncoding = 4; lastKnownFileType = sourcecode.swift; path = HttpUtilityHelper.swift; sourceTree = "<group>"; };
		137BB1FE25665D7000CC845C /* Medtrail_Assignment.app */ = {isa = PBXFileReference; explicitFileType = wrapper.application; includeInIndex = 0; path = Medtrail_Assignment.app; sourceTree = BUILT_PRODUCTS_DIR; };
		137BB20125665D7000CC845C /* AppDelegate.swift */ = {isa = PBXFileReference; lastKnownFileType = sourcecode.swift; path = AppDelegate.swift; sourceTree = "<group>"; };
		137BB20325665D7000CC845C /* SceneDelegate.swift */ = {isa = PBXFileReference; lastKnownFileType = sourcecode.swift; path = SceneDelegate.swift; sourceTree = "<group>"; };
		137BB20825665D7000CC845C /* Base */ = {isa = PBXFileReference; lastKnownFileType = file.storyboard; name = Base; path = Base.lproj/Main.storyboard; sourceTree = "<group>"; };
		137BB20A25665D7100CC845C /* Assets.xcassets */ = {isa = PBXFileReference; lastKnownFileType = folder.assetcatalog; path = Assets.xcassets; sourceTree = "<group>"; };
		137BB20D25665D7100CC845C /* Base */ = {isa = PBXFileReference; lastKnownFileType = file.storyboard; name = Base; path = Base.lproj/LaunchScreen.storyboard; sourceTree = "<group>"; };
		137BB20F25665D7100CC845C /* Info.plist */ = {isa = PBXFileReference; lastKnownFileType = text.plist.xml; path = Info.plist; sourceTree = "<group>"; };
		137BB21825665E9500CC845C /* DataModel.swift */ = {isa = PBXFileReference; fileEncoding = 4; lastKnownFileType = sourcecode.swift; path = DataModel.swift; sourceTree = "<group>"; };
		137BB21C25665ECF00CC845C /* FlickrImageSearchVC.swift */ = {isa = PBXFileReference; fileEncoding = 4; lastKnownFileType = sourcecode.swift; path = FlickrImageSearchVC.swift; sourceTree = "<group>"; };
		137BB21E25665EF100CC845C /* CustomFooterView.xib */ = {isa = PBXFileReference; fileEncoding = 4; lastKnownFileType = file.xib; path = CustomFooterView.xib; sourceTree = "<group>"; };
		137BB21F25665EF100CC845C /* CustomFooterView.swift */ = {isa = PBXFileReference; fileEncoding = 4; lastKnownFileType = sourcecode.swift; path = CustomFooterView.swift; sourceTree = "<group>"; };
		137BB22025665EF100CC845C /* ImageCVCell.swift */ = {isa = PBXFileReference; fileEncoding = 4; lastKnownFileType = sourcecode.swift; path = ImageCVCell.swift; sourceTree = "<group>"; };
		137BB22525665F2700CC845C /* MyHelperClass.swift */ = {isa = PBXFileReference; fileEncoding = 4; lastKnownFileType = sourcecode.swift; path = MyHelperClass.swift; sourceTree = "<group>"; };
		9FA6321E8F43EFF426852413 /* Pods-Medtrail_Assignment.debug.xcconfig */ = {isa = PBXFileReference; includeInIndex = 1; lastKnownFileType = text.xcconfig; name = "Pods-Medtrail_Assignment.debug.xcconfig"; path = "Target Support Files/Pods-Medtrail_Assignment/Pods-Medtrail_Assignment.debug.xcconfig"; sourceTree = "<group>"; };
		C09AABAB29D1FC90B1A335F6 /* Pods-Medtrail_Assignment.release.xcconfig */ = {isa = PBXFileReference; includeInIndex = 1; lastKnownFileType = text.xcconfig; name = "Pods-Medtrail_Assignment.release.xcconfig"; path = "Target Support Files/Pods-Medtrail_Assignment/Pods-Medtrail_Assignment.release.xcconfig"; sourceTree = "<group>"; };
		EA9296EF8F85E3A3CC791FAD /* Pods_Medtrail_Assignment.framework */ = {isa = PBXFileReference; explicitFileType = wrapper.framework; includeInIndex = 0; path = Pods_Medtrail_Assignment.framework; sourceTree = BUILT_PRODUCTS_DIR; };
/* End PBXFileReference section */

/* Begin PBXFrameworksBuildPhase section */
		137BB1FB25665D7000CC845C /* Frameworks */ = {
			isa = PBXFrameworksBuildPhase;
			buildActionMask = 2147483647;
			files = (
				11AA8C1DB6449D8A6970364B /* Pods_Medtrail_Assignment.framework in Frameworks */,
			);
			runOnlyForDeploymentPostprocessing = 0;
		};
/* End PBXFrameworksBuildPhase section */

/* Begin PBXGroup section */
		134E0484257908270090B569 /* ControllerExtensions */ = {
			isa = PBXGroup;
			children = (
				134E0485257908780090B569 /* FlickrImageSearchVCExtension.swift */,
			);
			name = ControllerExtensions;
			path = Controller;
			sourceTree = "<group>";
		};
		134E048F257949440090B569 /* HttpUtility */ = {
			isa = PBXGroup;
			children = (
				134E0490257949C60090B569 /* HttpUtility.swift */,
				134E0491257949C60090B569 /* HttpUtilityHelper.swift */,
			);
			path = HttpUtility;
			sourceTree = "<group>";
		};
		137BB1F525665D7000CC845C = {
			isa = PBXGroup;
			children = (
				137BB20025665D7000CC845C /* Medtrail_Assignment */,
				137BB1FF25665D7000CC845C /* Products */,
				59F4BE2F1813512F93869343 /* Pods */,
				467194ACFB07481F90EB2A6D /* Frameworks */,
			);
			sourceTree = "<group>";
		};
		137BB1FF25665D7000CC845C /* Products */ = {
			isa = PBXGroup;
			children = (
				137BB1FE25665D7000CC845C /* Medtrail_Assignment.app */,
			);
			name = Products;
			sourceTree = "<group>";
		};
		137BB20025665D7000CC845C /* Medtrail_Assignment */ = {
			isa = PBXGroup;
			children = (
				137BB20125665D7000CC845C /* AppDelegate.swift */,
				137BB20325665D7000CC845C /* SceneDelegate.swift */,
				137BB21A25665E9D00CC845C /* Model */,
				137BB21725665E7100CC845C /* View */,
				137BB21B25665EAE00CC845C /* Controller */,
				134E0484257908270090B569 /* ControllerExtensions */,
				134E048F257949440090B569 /* HttpUtility */,
				137BB22425665F0C00CC845C /* MyHelper */,
				137BB20A25665D7100CC845C /* Assets.xcassets */,
				137BB20F25665D7100CC845C /* Info.plist */,
			);
			path = Medtrail_Assignment;
			sourceTree = "<group>";
		};
		137BB21725665E7100CC845C /* View */ = {
			isa = PBXGroup;
			children = (
				137BB21F25665EF100CC845C /* CustomFooterView.swift */,
				137BB21E25665EF100CC845C /* CustomFooterView.xib */,
				137BB22025665EF100CC845C /* ImageCVCell.swift */,
				137BB20725665D7000CC845C /* Main.storyboard */,
				137BB20C25665D7100CC845C /* LaunchScreen.storyboard */,
			);
			path = View;
			sourceTree = "<group>";
		};
		137BB21A25665E9D00CC845C /* Model */ = {
			isa = PBXGroup;
			children = (
				137BB21825665E9500CC845C /* DataModel.swift */,
			);
			path = Model;
			sourceTree = "<group>";
		};
		137BB21B25665EAE00CC845C /* Controller */ = {
			isa = PBXGroup;
			children = (
				137BB21C25665ECF00CC845C /* FlickrImageSearchVC.swift */,
			);
			path = Controller;
			sourceTree = "<group>";
		};
		137BB22425665F0C00CC845C /* MyHelper */ = {
			isa = PBXGroup;
			children = (
				137BB22525665F2700CC845C /* MyHelperClass.swift */,
				134E048D257949000090B569 /* ClassExtensions.swift */,
				134E04892579484B0090B569 /* Constants.swift */,
				134E048B257948A00090B569 /* Pagination.swift */,
			);
			path = MyHelper;
			sourceTree = "<group>";
		};
		467194ACFB07481F90EB2A6D /* Frameworks */ = {
			isa = PBXGroup;
			children = (
				EA9296EF8F85E3A3CC791FAD /* Pods_Medtrail_Assignment.framework */,
			);
			name = Frameworks;
			sourceTree = "<group>";
		};
		59F4BE2F1813512F93869343 /* Pods */ = {
			isa = PBXGroup;
			children = (
				9FA6321E8F43EFF426852413 /* Pods-Medtrail_Assignment.debug.xcconfig */,
				C09AABAB29D1FC90B1A335F6 /* Pods-Medtrail_Assignment.release.xcconfig */,
			);
			path = Pods;
			sourceTree = "<group>";
		};
/* End PBXGroup section */

/* Begin PBXNativeTarget section */
		137BB1FD25665D7000CC845C /* Medtrail_Assignment */ = {
			isa = PBXNativeTarget;
			buildConfigurationList = 137BB21225665D7100CC845C /* Build configuration list for PBXNativeTarget "Medtrail_Assignment" */;
			buildPhases = (
				F05053EBAB6C2D869C899F10 /* [CP] Check Pods Manifest.lock */,
				137BB1FA25665D7000CC845C /* Sources */,
				137BB1FB25665D7000CC845C /* Frameworks */,
				137BB1FC25665D7000CC845C /* Resources */,
				BB93B88C1CD2167931AAADFE /* [CP] Embed Pods Frameworks */,
			);
			buildRules = (
			);
			dependencies = (
			);
			name = Medtrail_Assignment;
			productName = Medtrail_Assignment;
			productReference = 137BB1FE25665D7000CC845C /* Medtrail_Assignment.app */;
			productType = "com.apple.product-type.application";
		};
/* End PBXNativeTarget section */

/* Begin PBXProject section */
		137BB1F625665D7000CC845C /* Project object */ = {
			isa = PBXProject;
			attributes = {
				LastSwiftUpdateCheck = 1170;
				LastUpgradeCheck = 1170;
				ORGANIZATIONNAME = "shivendra pandey";
				TargetAttributes = {
					137BB1FD25665D7000CC845C = {
						CreatedOnToolsVersion = 11.7;
					};
				};
			};
			buildConfigurationList = 137BB1F925665D7000CC845C /* Build configuration list for PBXProject "Medtrail_Assignment" */;
			compatibilityVersion = "Xcode 9.3";
			developmentRegion = en;
			hasScannedForEncodings = 0;
			knownRegions = (
				en,
				Base,
			);
			mainGroup = 137BB1F525665D7000CC845C;
			productRefGroup = 137BB1FF25665D7000CC845C /* Products */;
			projectDirPath = "";
			projectRoot = "";
			targets = (
				137BB1FD25665D7000CC845C /* Medtrail_Assignment */,
			);
		};
/* End PBXProject section */

/* Begin PBXResourcesBuildPhase section */
		137BB1FC25665D7000CC845C /* Resources */ = {
			isa = PBXResourcesBuildPhase;
			buildActionMask = 2147483647;
			files = (
				137BB20E25665D7100CC845C /* LaunchScreen.storyboard in Resources */,
				137BB20B25665D7100CC845C /* Assets.xcassets in Resources */,
				137BB22125665EF100CC845C /* CustomFooterView.xib in Resources */,
				137BB20925665D7000CC845C /* Main.storyboard in Resources */,
			);
			runOnlyForDeploymentPostprocessing = 0;
		};
/* End PBXResourcesBuildPhase section */

/* Begin PBXShellScriptBuildPhase section */
		BB93B88C1CD2167931AAADFE /* [CP] Embed Pods Frameworks */ = {
			isa = PBXShellScriptBuildPhase;
			buildActionMask = 2147483647;
			files = (
			);
			inputFileListPaths = (
				"${PODS_ROOT}/Target Support Files/Pods-Medtrail_Assignment/Pods-Medtrail_Assignment-frameworks-${CONFIGURATION}-input-files.xcfilelist",
			);
			name = "[CP] Embed Pods Frameworks";
			outputFileListPaths = (
				"${PODS_ROOT}/Target Support Files/Pods-Medtrail_Assignment/Pods-Medtrail_Assignment-frameworks-${CONFIGURATION}-output-files.xcfilelist",
			);
			runOnlyForDeploymentPostprocessing = 0;
			shellPath = /bin/sh;
			shellScript = "\"${PODS_ROOT}/Target Support Files/Pods-Medtrail_Assignment/Pods-Medtrail_Assignment-frameworks.sh\"\n";
			showEnvVarsInLog = 0;
		};
		F05053EBAB6C2D869C899F10 /* [CP] Check Pods Manifest.lock */ = {
			isa = PBXShellScriptBuildPhase;
			buildActionMask = 2147483647;
			files = (
			);
			inputFileListPaths = (
			);
			inputPaths = (
				"${PODS_PODFILE_DIR_PATH}/Podfile.lock",
				"${PODS_ROOT}/Manifest.lock",
			);
			name = "[CP] Check Pods Manifest.lock";
			outputFileListPaths = (
			);
			outputPaths = (
				"$(DERIVED_FILE_DIR)/Pods-Medtrail_Assignment-checkManifestLockResult.txt",
			);
			runOnlyForDeploymentPostprocessing = 0;
			shellPath = /bin/sh;
			shellScript = "diff \"${PODS_PODFILE_DIR_PATH}/Podfile.lock\" \"${PODS_ROOT}/Manifest.lock\" > /dev/null\nif [ $? != 0 ] ; then\n    # print error to STDERR\n    echo \"error: The sandbox is not in sync with the Podfile.lock. Run 'pod install' or update your CocoaPods installation.\" >&2\n    exit 1\nfi\n# This output is used by Xcode 'outputs' to avoid re-running this script phase.\necho \"SUCCESS\" > \"${SCRIPT_OUTPUT_FILE_0}\"\n";
			showEnvVarsInLog = 0;
		};
/* End PBXShellScriptBuildPhase section */

/* Begin PBXSourcesBuildPhase section */
		137BB1FA25665D7000CC845C /* Sources */ = {
			isa = PBXSourcesBuildPhase;
			buildActionMask = 2147483647;
			files = (
				134E0492257949C60090B569 /* HttpUtility.swift in Sources */,
				134E048A2579484B0090B569 /* Constants.swift in Sources */,
				137BB22325665EF100CC845C /* ImageCVCell.swift in Sources */,
				134E0486257908780090B569 /* FlickrImageSearchVCExtension.swift in Sources */,
				137BB20225665D7000CC845C /* AppDelegate.swift in Sources */,
				137BB21D25665ECF00CC845C /* FlickrImageSearchVC.swift in Sources */,
				134E0493257949C60090B569 /* HttpUtilityHelper.swift in Sources */,
				137BB20425665D7000CC845C /* SceneDelegate.swift in Sources */,
				137BB22625665F2700CC845C /* MyHelperClass.swift in Sources */,
				137BB21925665E9500CC845C /* DataModel.swift in Sources */,
				134E048E257949000090B569 /* ClassExtensions.swift in Sources */,
				134E048C257948A00090B569 /* Pagination.swift in Sources */,
				137BB22225665EF100CC845C /* CustomFooterView.swift in Sources */,
			);
			runOnlyForDeploymentPostprocessing = 0;
		};
/* End PBXSourcesBuildPhase section */

/* Begin PBXVariantGroup section */
		137BB20725665D7000CC845C /* Main.storyboard */ = {
			isa = PBXVariantGroup;
			children = (
				137BB20825665D7000CC845C /* Base */,
			);
			name = Main.storyboard;
			sourceTree = "<group>";
		};
		137BB20C25665D7100CC845C /* LaunchScreen.storyboard */ = {
			isa = PBXVariantGroup;
			children = (
				137BB20D25665D7100CC845C /* Base */,
			);
			name = LaunchScreen.storyboard;
			sourceTree = "<group>";
		};
/* End PBXVariantGroup section */

/* Begin XCBuildConfiguration section */
		137BB21025665D7100CC845C /* Debug */ = {
			isa = XCBuildConfiguration;
			buildSettings = {
				ALWAYS_SEARCH_USER_PATHS = NO;
				CLANG_ANALYZER_NONNULL = YES;
				CLANG_ANALYZER_NUMBER_OBJECT_CONVERSION = YES_AGGRESSIVE;
				CLANG_CXX_LANGUAGE_STANDARD = "gnu++14";
				CLANG_CXX_LIBRARY = "libc++";
				CLANG_ENABLE_MODULES = YES;
				CLANG_ENABLE_OBJC_ARC = YES;
				CLANG_ENABLE_OBJC_WEAK = YES;
				CLANG_WARN_BLOCK_CAPTURE_AUTORELEASING = YES;
				CLANG_WARN_BOOL_CONVERSION = YES;
				CLANG_WARN_COMMA = YES;
				CLANG_WARN_CONSTANT_CONVERSION = YES;
				CLANG_WARN_DEPRECATED_OBJC_IMPLEMENTATIONS = YES;
				CLANG_WARN_DIRECT_OBJC_ISA_USAGE = YES_ERROR;
				CLANG_WARN_DOCUMENTATION_COMMENTS = YES;
				CLANG_WARN_EMPTY_BODY = YES;
				CLANG_WARN_ENUM_CONVERSION = YES;
				CLANG_WARN_INFINITE_RECURSION = YES;
				CLANG_WARN_INT_CONVERSION = YES;
				CLANG_WARN_NON_LITERAL_NULL_CONVERSION = YES;
				CLANG_WARN_OBJC_IMPLICIT_RETAIN_SELF = YES;
				CLANG_WARN_OBJC_LITERAL_CONVERSION = YES;
				CLANG_WARN_OBJC_ROOT_CLASS = YES_ERROR;
				CLANG_WARN_RANGE_LOOP_ANALYSIS = YES;
				CLANG_WARN_STRICT_PROTOTYPES = YES;
				CLANG_WARN_SUSPICIOUS_MOVE = YES;
				CLANG_WARN_UNGUARDED_AVAILABILITY = YES_AGGRESSIVE;
				CLANG_WARN_UNREACHABLE_CODE = YES;
				CLANG_WARN__DUPLICATE_METHOD_MATCH = YES;
				COPY_PHASE_STRIP = NO;
				DEBUG_INFORMATION_FORMAT = dwarf;
				ENABLE_STRICT_OBJC_MSGSEND = YES;
				ENABLE_TESTABILITY = YES;
				GCC_C_LANGUAGE_STANDARD = gnu11;
				GCC_DYNAMIC_NO_PIC = NO;
				GCC_NO_COMMON_BLOCKS = YES;
				GCC_OPTIMIZATION_LEVEL = 0;
				GCC_PREPROCESSOR_DEFINITIONS = (
					"DEBUG=1",
					"$(inherited)",
				);
				GCC_WARN_64_TO_32_BIT_CONVERSION = YES;
				GCC_WARN_ABOUT_RETURN_TYPE = YES_ERROR;
				GCC_WARN_UNDECLARED_SELECTOR = YES;
				GCC_WARN_UNINITIALIZED_AUTOS = YES_AGGRESSIVE;
				GCC_WARN_UNUSED_FUNCTION = YES;
				GCC_WARN_UNUSED_VARIABLE = YES;
				IPHONEOS_DEPLOYMENT_TARGET = 13.7;
				MTL_ENABLE_DEBUG_INFO = INCLUDE_SOURCE;
				MTL_FAST_MATH = YES;
				ONLY_ACTIVE_ARCH = YES;
				SDKROOT = iphoneos;
				SWIFT_ACTIVE_COMPILATION_CONDITIONS = DEBUG;
				SWIFT_OPTIMIZATION_LEVEL = "-Onone";
			};
			name = Debug;
		};
		137BB21125665D7100CC845C /* Release */ = {
			isa = XCBuildConfiguration;
			buildSettings = {
				ALWAYS_SEARCH_USER_PATHS = NO;
				CLANG_ANALYZER_NONNULL = YES;
				CLANG_ANALYZER_NUMBER_OBJECT_CONVERSION = YES_AGGRESSIVE;
				CLANG_CXX_LANGUAGE_STANDARD = "gnu++14";
				CLANG_CXX_LIBRARY = "libc++";
				CLANG_ENABLE_MODULES = YES;
				CLANG_ENABLE_OBJC_ARC = YES;
				CLANG_ENABLE_OBJC_WEAK = YES;
				CLANG_WARN_BLOCK_CAPTURE_AUTORELEASING = YES;
				CLANG_WARN_BOOL_CONVERSION = YES;
				CLANG_WARN_COMMA = YES;
				CLANG_WARN_CONSTANT_CONVERSION = YES;
				CLANG_WARN_DEPRECATED_OBJC_IMPLEMENTATIONS = YES;
				CLANG_WARN_DIRECT_OBJC_ISA_USAGE = YES_ERROR;
				CLANG_WARN_DOCUMENTATION_COMMENTS = YES;
				CLANG_WARN_EMPTY_BODY = YES;
				CLANG_WARN_ENUM_CONVERSION = YES;
				CLANG_WARN_INFINITE_RECURSION = YES;
				CLANG_WARN_INT_CONVERSION = YES;
				CLANG_WARN_NON_LITERAL_NULL_CONVERSION = YES;
				CLANG_WARN_OBJC_IMPLICIT_RETAIN_SELF = YES;
				CLANG_WARN_OBJC_LITERAL_CONVERSION = YES;
				CLANG_WARN_OBJC_ROOT_CLASS = YES_ERROR;
				CLANG_WARN_RANGE_LOOP_ANALYSIS = YES;
				CLANG_WARN_STRICT_PROTOTYPES = YES;
				CLANG_WARN_SUSPICIOUS_MOVE = YES;
				CLANG_WARN_UNGUARDED_AVAILABILITY = YES_AGGRESSIVE;
				CLANG_WARN_UNREACHABLE_CODE = YES;
				CLANG_WARN__DUPLICATE_METHOD_MATCH = YES;
				COPY_PHASE_STRIP = NO;
				DEBUG_INFORMATION_FORMAT = "dwarf-with-dsym";
				ENABLE_NS_ASSERTIONS = NO;
				ENABLE_STRICT_OBJC_MSGSEND = YES;
				GCC_C_LANGUAGE_STANDARD = gnu11;
				GCC_NO_COMMON_BLOCKS = YES;
				GCC_WARN_64_TO_32_BIT_CONVERSION = YES;
				GCC_WARN_ABOUT_RETURN_TYPE = YES_ERROR;
				GCC_WARN_UNDECLARED_SELECTOR = YES;
				GCC_WARN_UNINITIALIZED_AUTOS = YES_AGGRESSIVE;
				GCC_WARN_UNUSED_FUNCTION = YES;
				GCC_WARN_UNUSED_VARIABLE = YES;
				IPHONEOS_DEPLOYMENT_TARGET = 13.7;
				MTL_ENABLE_DEBUG_INFO = NO;
				MTL_FAST_MATH = YES;
				SDKROOT = iphoneos;
				SWIFT_COMPILATION_MODE = wholemodule;
				SWIFT_OPTIMIZATION_LEVEL = "-O";
				VALIDATE_PRODUCT = YES;
			};
			name = Release;
		};
		137BB21325665D7100CC845C /* Debug */ = {
			isa = XCBuildConfiguration;
			baseConfigurationReference = 9FA6321E8F43EFF426852413 /* Pods-Medtrail_Assignment.debug.xcconfig */;
			buildSettings = {
				ASSETCATALOG_COMPILER_APPICON_NAME = AppIcon;
				CODE_SIGN_STYLE = Automatic;
				INFOPLIST_FILE = Medtrail_Assignment/Info.plist;
				LD_RUNPATH_SEARCH_PATHS = (
					"$(inherited)",
					"@executable_path/Frameworks",
				);
				PRODUCT_BUNDLE_IDENTIFIER = "com.t9l.Medtrail-Assignment";
				PRODUCT_NAME = "$(TARGET_NAME)";
				SWIFT_VERSION = 5.0;
				TARGETED_DEVICE_FAMILY = "1,2";
			};
			name = Debug;
		};
		137BB21425665D7100CC845C /* Release */ = {
			isa = XCBuildConfiguration;
			baseConfigurationReference = C09AABAB29D1FC90B1A335F6 /* Pods-Medtrail_Assignment.release.xcconfig */;
			buildSettings = {
				ASSETCATALOG_COMPILER_APPICON_NAME = AppIcon;
				CODE_SIGN_STYLE = Automatic;
				INFOPLIST_FILE = Medtrail_Assignment/Info.plist;
				LD_RUNPATH_SEARCH_PATHS = (
					"$(inherited)",
					"@executable_path/Frameworks",
				);
				PRODUCT_BUNDLE_IDENTIFIER = "com.t9l.Medtrail-Assignment";
				PRODUCT_NAME = "$(TARGET_NAME)";
				SWIFT_VERSION = 5.0;
				TARGETED_DEVICE_FAMILY = "1,2";
			};
			name = Release;
		};
/* End XCBuildConfiguration section */

/* Begin XCConfigurationList section */
		137BB1F925665D7000CC845C /* Build configuration list for PBXProject "Medtrail_Assignment" */ = {
			isa = XCConfigurationList;
			buildConfigurations = (
				137BB21025665D7100CC845C /* Debug */,
				137BB21125665D7100CC845C /* Release */,
			);
			defaultConfigurationIsVisible = 0;
			defaultConfigurationName = Release;
		};
		137BB21225665D7100CC845C /* Build configuration list for PBXNativeTarget "Medtrail_Assignment" */ = {
			isa = XCConfigurationList;
			buildConfigurations = (
				137BB21325665D7100CC845C /* Debug */,
				137BB21425665D7100CC845C /* Release */,
			);
			defaultConfigurationIsVisible = 0;
			defaultConfigurationName = Release;
		};
/* End XCConfigurationList section */
	};
	rootObject = 137BB1F625665D7000CC845C /* Project object */;
}
